// !$*UTF8*$!
{
	archiveVersion = 1;
	classes = {
	};
	objectVersion = 46;
	objects = {

/* Begin PBXBuildFile section */
		3C1320DF19E5F5B300245E75 /* LocationViewController.m in Sources */ = {isa = PBXBuildFile; fileRef = 3C1320DE19E5F5B300245E75 /* LocationViewController.m */; };
		3C1320E119E5F76F00245E75 /* arrow_event@2x.png in Resources */ = {isa = PBXBuildFile; fileRef = 3C1320E019E5F76F00245E75 /* arrow_event@2x.png */; };
		3C24C8FC19DBA12600A1E716 /* main.m in Sources */ = {isa = PBXBuildFile; fileRef = 3C24C8FB19DBA12600A1E716 /* main.m */; };
		3C24C8FF19DBA12600A1E716 /* AppDelegate.m in Sources */ = {isa = PBXBuildFile; fileRef = 3C24C8FE19DBA12600A1E716 /* AppDelegate.m */; };
		3C24C90219DBA12600A1E716 /* SideMenuViewController.m in Sources */ = {isa = PBXBuildFile; fileRef = 3C24C90119DBA12600A1E716 /* SideMenuViewController.m */; };
		3C24C90519DBA12600A1E716 /* Main.storyboard in Resources */ = {isa = PBXBuildFile; fileRef = 3C24C90319DBA12600A1E716 /* Main.storyboard */; };
		3C24C90719DBA12600A1E716 /* Images.xcassets in Resources */ = {isa = PBXBuildFile; fileRef = 3C24C90619DBA12600A1E716 /* Images.xcassets */; };
		3C24C90A19DBA12600A1E716 /* LaunchScreen.xib in Resources */ = {isa = PBXBuildFile; fileRef = 3C24C90819DBA12600A1E716 /* LaunchScreen.xib */; };
		3C24C91619DBA12600A1E716 /* iGiveTests.m in Sources */ = {isa = PBXBuildFile; fileRef = 3C24C91519DBA12600A1E716 /* iGiveTests.m */; };
		3C24C92519DBBBF200A1E716 /* Parse.framework in Frameworks */ = {isa = PBXBuildFile; fileRef = 3C24C92319DBBBF200A1E716 /* Parse.framework */; };
		3C24C92719DBBC5700A1E716 /* Accounts.framework in Frameworks */ = {isa = PBXBuildFile; fileRef = 3C24C92619DBBC5700A1E716 /* Accounts.framework */; };
		3C24C92919DBBC5D00A1E716 /* AudioToolbox.framework in Frameworks */ = {isa = PBXBuildFile; fileRef = 3C24C92819DBBC5D00A1E716 /* AudioToolbox.framework */; };
		3C24C92B19DBBC6800A1E716 /* CFNetwork.framework in Frameworks */ = {isa = PBXBuildFile; fileRef = 3C24C92A19DBBC6800A1E716 /* CFNetwork.framework */; };
		3C24C92D19DBBC6F00A1E716 /* CoreGraphics.framework in Frameworks */ = {isa = PBXBuildFile; fileRef = 3C24C92C19DBBC6F00A1E716 /* CoreGraphics.framework */; };
		3C24C92F19DBBC7900A1E716 /* CoreLocation.framework in Frameworks */ = {isa = PBXBuildFile; fileRef = 3C24C92E19DBBC7900A1E716 /* CoreLocation.framework */; };
		3C24C93119DBBC8A00A1E716 /* libz.dylib in Frameworks */ = {isa = PBXBuildFile; fileRef = 3C24C93019DBBC8A00A1E716 /* libz.dylib */; };
		3C24C93319DBBC9400A1E716 /* MobileCoreServices.framework in Frameworks */ = {isa = PBXBuildFile; fileRef = 3C24C93219DBBC9400A1E716 /* MobileCoreServices.framework */; };
		3C24C93519DBBC9D00A1E716 /* QuartzCore.framework in Frameworks */ = {isa = PBXBuildFile; fileRef = 3C24C93419DBBC9D00A1E716 /* QuartzCore.framework */; };
		3C24C93719DBBCA800A1E716 /* Security.framework in Frameworks */ = {isa = PBXBuildFile; fileRef = 3C24C93619DBBCA800A1E716 /* Security.framework */; };
		3C24C93919DBBCB200A1E716 /* Social.framework in Frameworks */ = {isa = PBXBuildFile; fileRef = 3C24C93819DBBCB200A1E716 /* Social.framework */; };
		3C24C93B19DBBCBA00A1E716 /* StoreKit.framework in Frameworks */ = {isa = PBXBuildFile; fileRef = 3C24C93A19DBBCBA00A1E716 /* StoreKit.framework */; };
		3C24C93D19DBBCC900A1E716 /* SystemConfiguration.framework in Frameworks */ = {isa = PBXBuildFile; fileRef = 3C24C93C19DBBCC900A1E716 /* SystemConfiguration.framework */; };
		3C24C94019DBC7DA00A1E716 /* ParseFacebookUtils.framework in Frameworks */ = {isa = PBXBuildFile; fileRef = 3C24C93F19DBC7DA00A1E716 /* ParseFacebookUtils.framework */; };
		3C2B06E519E0BEC300E33B47 /* PostingTableViewCell.xib in Resources */ = {isa = PBXBuildFile; fileRef = 3C2B06E419E0BEC300E33B47 /* PostingTableViewCell.xib */; };
		3C2B06E919E0C22100E33B47 /* PostingTableViewCell.m in Sources */ = {isa = PBXBuildFile; fileRef = 3C2B06E819E0C22100E33B47 /* PostingTableViewCell.m */; };
		3C2B06F019E0C82C00E33B47 /* About-Us@2x.png in Resources */ = {isa = PBXBuildFile; fileRef = 3C2B06EA19E0C82B00E33B47 /* About-Us@2x.png */; };
		3C2B06F119E0C82C00E33B47 /* Contact@2x.png in Resources */ = {isa = PBXBuildFile; fileRef = 3C2B06EB19E0C82B00E33B47 /* Contact@2x.png */; };
		3C2B06F219E0C82C00E33B47 /* Help@2x.png in Resources */ = {isa = PBXBuildFile; fileRef = 3C2B06EC19E0C82B00E33B47 /* Help@2x.png */; };
		3C2B06F319E0C82C00E33B47 /* Home@2x.png in Resources */ = {isa = PBXBuildFile; fileRef = 3C2B06ED19E0C82B00E33B47 /* Home@2x.png */; };
		3C2B06F419E0C82C00E33B47 /* Logout@2x.png in Resources */ = {isa = PBXBuildFile; fileRef = 3C2B06EE19E0C82B00E33B47 /* Logout@2x.png */; };
		3C2B06F519E0C82C00E33B47 /* Postings@2x.png in Resources */ = {isa = PBXBuildFile; fileRef = 3C2B06EF19E0C82C00E33B47 /* Postings@2x.png */; };
		3C4B099619DF5223004A0E61 /* PostViewController.m in Sources */ = {isa = PBXBuildFile; fileRef = 3C4B099519DF5223004A0E61 /* PostViewController.m */; };
		3C783C4819DC5600007C8951 /* SWRevealViewController.m in Sources */ = {isa = PBXBuildFile; fileRef = 3C783C4719DC5600007C8951 /* SWRevealViewController.m */; };
		3C783C4E19DC5DBC007C8951 /* LoginViewController.m in Sources */ = {isa = PBXBuildFile; fileRef = 3C783C4D19DC5DBC007C8951 /* LoginViewController.m */; };
		3C783C5019DC6EAF007C8951 /* Sign-in-With-Facebook.png in Resources */ = {isa = PBXBuildFile; fileRef = 3C783C4F19DC6EAF007C8951 /* Sign-in-With-Facebook.png */; };
		3CA7961319E72EF4007CD625 /* PlaceAnnotation.m in Sources */ = {isa = PBXBuildFile; fileRef = 3CA7961219E72EF4007CD625 /* PlaceAnnotation.m */; };
		3CA7961619E7331F007CD625 /* NavigationController.m in Sources */ = {isa = PBXBuildFile; fileRef = 3CA7961519E7331F007CD625 /* NavigationController.m */; };
		3CA7961819E739D3007CD625 /* Menu@2x.png in Resources */ = {isa = PBXBuildFile; fileRef = 3CA7961719E739D3007CD625 /* Menu@2x.png */; };
		3CC0772A19DF21AE006D0352 /* HomeViewController.m in Sources */ = {isa = PBXBuildFile; fileRef = 3CC0772919DF21AE006D0352 /* HomeViewController.m */; };
		3CE1A86819DE07EE000DA60B /* GlobalData.m in Sources */ = {isa = PBXBuildFile; fileRef = 3CE1A86719DE07EE000DA60B /* GlobalData.m */; };
		3CE1A86B19DE0ECD000DA60B /* ParentViewController.m in Sources */ = {isa = PBXBuildFile; fileRef = 3CE1A86A19DE0ECD000DA60B /* ParentViewController.m */; };
		3CE1A86D19DE1487000DA60B /* FacebookSDK.framework in Frameworks */ = {isa = PBXBuildFile; fileRef = 3CE1A86C19DE1487000DA60B /* FacebookSDK.framework */; };
		3CFD8F3319E8982B0090649C /* ViewPostViewController.m in Sources */ = {isa = PBXBuildFile; fileRef = 3CFD8F3219E8982B0090649C /* ViewPostViewController.m */; };
		3CFD8F3619E8A0A00090649C /* RequestContactViewController.m in Sources */ = {isa = PBXBuildFile; fileRef = 3CFD8F3519E8A0A00090649C /* RequestContactViewController.m */; };
		3CFD8F3819E8A4560090649C /* Location-Icon@2x.png in Resources */ = {isa = PBXBuildFile; fileRef = 3CFD8F3719E8A4560090649C /* Location-Icon@2x.png */; };
		C8DAC1399374B997897DB9FA /* libPods-iGive.a in Frameworks */ = {isa = PBXBuildFile; fileRef = 61617AC2C530DBAB069B7B24 /* libPods-iGive.a */; };
/* End PBXBuildFile section */

/* Begin PBXContainerItemProxy section */
		3C24C91019DBA12600A1E716 /* PBXContainerItemProxy */ = {
			isa = PBXContainerItemProxy;
			containerPortal = 3C24C8EE19DBA12600A1E716 /* Project object */;
			proxyType = 1;
			remoteGlobalIDString = 3C24C8F519DBA12600A1E716;
			remoteInfo = iGive;
		};
/* End PBXContainerItemProxy section */

/* Begin PBXFileReference section */
		3C1320DD19E5F5B300245E75 /* LocationViewController.h */ = {isa = PBXFileReference; fileEncoding = 4; lastKnownFileType = sourcecode.c.h; path = LocationViewController.h; sourceTree = "<group>"; };
		3C1320DE19E5F5B300245E75 /* LocationViewController.m */ = {isa = PBXFileReference; fileEncoding = 4; lastKnownFileType = sourcecode.c.objc; path = LocationViewController.m; sourceTree = "<group>"; };
		3C1320E019E5F76F00245E75 /* arrow_event@2x.png */ = {isa = PBXFileReference; lastKnownFileType = image.png; name = "arrow_event@2x.png"; path = "iGive/Resources/arrow_event@2x.png"; sourceTree = "<group>"; };
		3C24C8F619DBA12600A1E716 /* iGive.app */ = {isa = PBXFileReference; explicitFileType = wrapper.application; includeInIndex = 0; path = iGive.app; sourceTree = BUILT_PRODUCTS_DIR; };
		3C24C8FA19DBA12600A1E716 /* Info.plist */ = {isa = PBXFileReference; lastKnownFileType = text.plist.xml; path = Info.plist; sourceTree = "<group>"; };
		3C24C8FB19DBA12600A1E716 /* main.m */ = {isa = PBXFileReference; lastKnownFileType = sourcecode.c.objc; path = main.m; sourceTree = "<group>"; };
		3C24C8FD19DBA12600A1E716 /* AppDelegate.h */ = {isa = PBXFileReference; lastKnownFileType = sourcecode.c.h; path = AppDelegate.h; sourceTree = "<group>"; };
		3C24C8FE19DBA12600A1E716 /* AppDelegate.m */ = {isa = PBXFileReference; lastKnownFileType = sourcecode.c.objc; path = AppDelegate.m; sourceTree = "<group>"; };
		3C24C90019DBA12600A1E716 /* SideMenuViewController.h */ = {isa = PBXFileReference; lastKnownFileType = sourcecode.c.h; path = SideMenuViewController.h; sourceTree = "<group>"; };
		3C24C90119DBA12600A1E716 /* SideMenuViewController.m */ = {isa = PBXFileReference; lastKnownFileType = sourcecode.c.objc; path = SideMenuViewController.m; sourceTree = "<group>"; };
		3C24C90419DBA12600A1E716 /* Base */ = {isa = PBXFileReference; lastKnownFileType = file.storyboard; name = Base; path = Base.lproj/Main.storyboard; sourceTree = "<group>"; };
		3C24C90619DBA12600A1E716 /* Images.xcassets */ = {isa = PBXFileReference; lastKnownFileType = folder.assetcatalog; path = Images.xcassets; sourceTree = "<group>"; };
		3C24C90919DBA12600A1E716 /* Base */ = {isa = PBXFileReference; lastKnownFileType = file.xib; name = Base; path = Base.lproj/LaunchScreen.xib; sourceTree = "<group>"; };
		3C24C90F19DBA12600A1E716 /* iGiveTests.xctest */ = {isa = PBXFileReference; explicitFileType = wrapper.cfbundle; includeInIndex = 0; path = iGiveTests.xctest; sourceTree = BUILT_PRODUCTS_DIR; };
		3C24C91419DBA12600A1E716 /* Info.plist */ = {isa = PBXFileReference; lastKnownFileType = text.plist.xml; path = Info.plist; sourceTree = "<group>"; };
		3C24C91519DBA12600A1E716 /* iGiveTests.m */ = {isa = PBXFileReference; lastKnownFileType = sourcecode.c.objc; path = iGiveTests.m; sourceTree = "<group>"; };
		3C24C92219DBBBF200A1E716 /* Bolts.framework */ = {isa = PBXFileReference; lastKnownFileType = wrapper.framework; name = Bolts.framework; path = "../../../Downloads/parse-library-1.4.1/Bolts.framework"; sourceTree = "<group>"; };
		3C24C92319DBBBF200A1E716 /* Parse.framework */ = {isa = PBXFileReference; lastKnownFileType = wrapper.framework; name = Parse.framework; path = "../../../Downloads/parse-library-1.4.1/Parse.framework"; sourceTree = "<group>"; };
		3C24C92619DBBC5700A1E716 /* Accounts.framework */ = {isa = PBXFileReference; lastKnownFileType = wrapper.framework; name = Accounts.framework; path = System/Library/Frameworks/Accounts.framework; sourceTree = SDKROOT; };
		3C24C92819DBBC5D00A1E716 /* AudioToolbox.framework */ = {isa = PBXFileReference; lastKnownFileType = wrapper.framework; name = AudioToolbox.framework; path = System/Library/Frameworks/AudioToolbox.framework; sourceTree = SDKROOT; };
		3C24C92A19DBBC6800A1E716 /* CFNetwork.framework */ = {isa = PBXFileReference; lastKnownFileType = wrapper.framework; name = CFNetwork.framework; path = System/Library/Frameworks/CFNetwork.framework; sourceTree = SDKROOT; };
		3C24C92C19DBBC6F00A1E716 /* CoreGraphics.framework */ = {isa = PBXFileReference; lastKnownFileType = wrapper.framework; name = CoreGraphics.framework; path = System/Library/Frameworks/CoreGraphics.framework; sourceTree = SDKROOT; };
		3C24C92E19DBBC7900A1E716 /* CoreLocation.framework */ = {isa = PBXFileReference; lastKnownFileType = wrapper.framework; name = CoreLocation.framework; path = System/Library/Frameworks/CoreLocation.framework; sourceTree = SDKROOT; };
		3C24C93019DBBC8A00A1E716 /* libz.dylib */ = {isa = PBXFileReference; lastKnownFileType = "compiled.mach-o.dylib"; name = libz.dylib; path = usr/lib/libz.dylib; sourceTree = SDKROOT; };
		3C24C93219DBBC9400A1E716 /* MobileCoreServices.framework */ = {isa = PBXFileReference; lastKnownFileType = wrapper.framework; name = MobileCoreServices.framework; path = System/Library/Frameworks/MobileCoreServices.framework; sourceTree = SDKROOT; };
		3C24C93419DBBC9D00A1E716 /* QuartzCore.framework */ = {isa = PBXFileReference; lastKnownFileType = wrapper.framework; name = QuartzCore.framework; path = System/Library/Frameworks/QuartzCore.framework; sourceTree = SDKROOT; };
		3C24C93619DBBCA800A1E716 /* Security.framework */ = {isa = PBXFileReference; lastKnownFileType = wrapper.framework; name = Security.framework; path = System/Library/Frameworks/Security.framework; sourceTree = SDKROOT; };
		3C24C93819DBBCB200A1E716 /* Social.framework */ = {isa = PBXFileReference; lastKnownFileType = wrapper.framework; name = Social.framework; path = System/Library/Frameworks/Social.framework; sourceTree = SDKROOT; };
		3C24C93A19DBBCBA00A1E716 /* StoreKit.framework */ = {isa = PBXFileReference; lastKnownFileType = wrapper.framework; name = StoreKit.framework; path = System/Library/Frameworks/StoreKit.framework; sourceTree = SDKROOT; };
		3C24C93C19DBBCC900A1E716 /* SystemConfiguration.framework */ = {isa = PBXFileReference; lastKnownFileType = wrapper.framework; name = SystemConfiguration.framework; path = System/Library/Frameworks/SystemConfiguration.framework; sourceTree = SDKROOT; };
		3C24C93F19DBC7DA00A1E716 /* ParseFacebookUtils.framework */ = {isa = PBXFileReference; lastKnownFileType = wrapper.framework; name = ParseFacebookUtils.framework; path = "../../../Downloads/parse-library-1.4.1/ParseFacebookUtils.framework"; sourceTree = "<group>"; };
		3C2B06E419E0BEC300E33B47 /* PostingTableViewCell.xib */ = {isa = PBXFileReference; fileEncoding = 4; lastKnownFileType = file.xib; path = PostingTableViewCell.xib; sourceTree = "<group>"; };
		3C2B06E719E0C22100E33B47 /* PostingTableViewCell.h */ = {isa = PBXFileReference; fileEncoding = 4; lastKnownFileType = sourcecode.c.h; path = PostingTableViewCell.h; sourceTree = "<group>"; };
		3C2B06E819E0C22100E33B47 /* PostingTableViewCell.m */ = {isa = PBXFileReference; fileEncoding = 4; lastKnownFileType = sourcecode.c.objc; path = PostingTableViewCell.m; sourceTree = "<group>"; };
		3C2B06EA19E0C82B00E33B47 /* About-Us@2x.png */ = {isa = PBXFileReference; lastKnownFileType = image.png; name = "About-Us@2x.png"; path = "iGive/Resources/About-Us@2x.png"; sourceTree = "<group>"; };
		3C2B06EB19E0C82B00E33B47 /* Contact@2x.png */ = {isa = PBXFileReference; lastKnownFileType = image.png; name = "Contact@2x.png"; path = "iGive/Resources/Contact@2x.png"; sourceTree = "<group>"; };
		3C2B06EC19E0C82B00E33B47 /* Help@2x.png */ = {isa = PBXFileReference; lastKnownFileType = image.png; name = "Help@2x.png"; path = "iGive/Resources/Help@2x.png"; sourceTree = "<group>"; };
		3C2B06ED19E0C82B00E33B47 /* Home@2x.png */ = {isa = PBXFileReference; lastKnownFileType = image.png; name = "Home@2x.png"; path = "iGive/Resources/Home@2x.png"; sourceTree = "<group>"; };
		3C2B06EE19E0C82B00E33B47 /* Logout@2x.png */ = {isa = PBXFileReference; lastKnownFileType = image.png; name = "Logout@2x.png"; path = "iGive/Resources/Logout@2x.png"; sourceTree = "<group>"; };
		3C2B06EF19E0C82C00E33B47 /* Postings@2x.png */ = {isa = PBXFileReference; lastKnownFileType = image.png; name = "Postings@2x.png"; path = "iGive/Resources/Postings@2x.png"; sourceTree = "<group>"; };
		3C4B099419DF5223004A0E61 /* PostViewController.h */ = {isa = PBXFileReference; fileEncoding = 4; lastKnownFileType = sourcecode.c.h; path = PostViewController.h; sourceTree = "<group>"; };
		3C4B099519DF5223004A0E61 /* PostViewController.m */ = {isa = PBXFileReference; fileEncoding = 4; lastKnownFileType = sourcecode.c.objc; path = PostViewController.m; sourceTree = "<group>"; };
		3C783C4619DC5600007C8951 /* SWRevealViewController.h */ = {isa = PBXFileReference; fileEncoding = 4; lastKnownFileType = sourcecode.c.h; name = SWRevealViewController.h; path = iGive/SWRevealViewController/SWRevealViewController.h; sourceTree = "<group>"; };
		3C783C4719DC5600007C8951 /* SWRevealViewController.m */ = {isa = PBXFileReference; fileEncoding = 4; lastKnownFileType = sourcecode.c.objc; name = SWRevealViewController.m; path = iGive/SWRevealViewController/SWRevealViewController.m; sourceTree = "<group>"; };
		3C783C4C19DC5DBC007C8951 /* LoginViewController.h */ = {isa = PBXFileReference; fileEncoding = 4; lastKnownFileType = sourcecode.c.h; path = LoginViewController.h; sourceTree = "<group>"; };
		3C783C4D19DC5DBC007C8951 /* LoginViewController.m */ = {isa = PBXFileReference; fileEncoding = 4; lastKnownFileType = sourcecode.c.objc; path = LoginViewController.m; sourceTree = "<group>"; };
		3C783C4F19DC6EAF007C8951 /* Sign-in-With-Facebook.png */ = {isa = PBXFileReference; lastKnownFileType = image.png; name = "Sign-in-With-Facebook.png"; path = "iGive/Resources/Sign-in-With-Facebook.png"; sourceTree = "<group>"; };
		3CA7961119E72EF4007CD625 /* PlaceAnnotation.h */ = {isa = PBXFileReference; fileEncoding = 4; lastKnownFileType = sourcecode.c.h; path = PlaceAnnotation.h; sourceTree = "<group>"; };
		3CA7961219E72EF4007CD625 /* PlaceAnnotation.m */ = {isa = PBXFileReference; fileEncoding = 4; lastKnownFileType = sourcecode.c.objc; path = PlaceAnnotation.m; sourceTree = "<group>"; };
		3CA7961419E7331F007CD625 /* NavigationController.h */ = {isa = PBXFileReference; fileEncoding = 4; lastKnownFileType = sourcecode.c.h; path = NavigationController.h; sourceTree = "<group>"; };
		3CA7961519E7331F007CD625 /* NavigationController.m */ = {isa = PBXFileReference; fileEncoding = 4; lastKnownFileType = sourcecode.c.objc; path = NavigationController.m; sourceTree = "<group>"; };
		3CA7961719E739D3007CD625 /* Menu@2x.png */ = {isa = PBXFileReference; lastKnownFileType = image.png; name = "Menu@2x.png"; path = "iGive/Resources/Menu@2x.png"; sourceTree = "<group>"; };
		3CC0772819DF21AE006D0352 /* HomeViewController.h */ = {isa = PBXFileReference; fileEncoding = 4; lastKnownFileType = sourcecode.c.h; path = HomeViewController.h; sourceTree = "<group>"; };
		3CC0772919DF21AE006D0352 /* HomeViewController.m */ = {isa = PBXFileReference; fileEncoding = 4; lastKnownFileType = sourcecode.c.objc; path = HomeViewController.m; sourceTree = "<group>"; };
		3CE1A86619DE07EE000DA60B /* GlobalData.h */ = {isa = PBXFileReference; fileEncoding = 4; lastKnownFileType = sourcecode.c.h; path = GlobalData.h; sourceTree = "<group>"; };
		3CE1A86719DE07EE000DA60B /* GlobalData.m */ = {isa = PBXFileReference; fileEncoding = 4; lastKnownFileType = sourcecode.c.objc; path = GlobalData.m; sourceTree = "<group>"; };
		3CE1A86919DE0ECD000DA60B /* ParentViewController.h */ = {isa = PBXFileReference; fileEncoding = 4; lastKnownFileType = sourcecode.c.h; path = ParentViewController.h; sourceTree = "<group>"; };
		3CE1A86A19DE0ECD000DA60B /* ParentViewController.m */ = {isa = PBXFileReference; fileEncoding = 4; lastKnownFileType = sourcecode.c.objc; path = ParentViewController.m; sourceTree = "<group>"; };
		3CE1A86C19DE1487000DA60B /* FacebookSDK.framework */ = {isa = PBXFileReference; lastKnownFileType = wrapper.framework; name = FacebookSDK.framework; path = ../../../Documents/FacebookSDK/FacebookSDK.framework; sourceTree = "<group>"; };
		3CFD8F3119E8982B0090649C /* ViewPostViewController.h */ = {isa = PBXFileReference; fileEncoding = 4; lastKnownFileType = sourcecode.c.h; path = ViewPostViewController.h; sourceTree = "<group>"; };
		3CFD8F3219E8982B0090649C /* ViewPostViewController.m */ = {isa = PBXFileReference; fileEncoding = 4; lastKnownFileType = sourcecode.c.objc; path = ViewPostViewController.m; sourceTree = "<group>"; };
		3CFD8F3419E8A0A00090649C /* RequestContactViewController.h */ = {isa = PBXFileReference; fileEncoding = 4; lastKnownFileType = sourcecode.c.h; path = RequestContactViewController.h; sourceTree = "<group>"; };
		3CFD8F3519E8A0A00090649C /* RequestContactViewController.m */ = {isa = PBXFileReference; fileEncoding = 4; lastKnownFileType = sourcecode.c.objc; path = RequestContactViewController.m; sourceTree = "<group>"; };
		3CFD8F3719E8A4560090649C /* Location-Icon@2x.png */ = {isa = PBXFileReference; lastKnownFileType = image.png; name = "Location-Icon@2x.png"; path = "iGive/Resources/Location-Icon@2x.png"; sourceTree = "<group>"; };
		61617AC2C530DBAB069B7B24 /* libPods-iGive.a */ = {isa = PBXFileReference; explicitFileType = archive.ar; includeInIndex = 0; path = "libPods-iGive.a"; sourceTree = BUILT_PRODUCTS_DIR; };
		AB836077ABA90AA6F34593F9 /* Pods-iGive.debug.xcconfig */ = {isa = PBXFileReference; includeInIndex = 1; lastKnownFileType = text.xcconfig; name = "Pods-iGive.debug.xcconfig"; path = "Pods/Target Support Files/Pods-iGive/Pods-iGive.debug.xcconfig"; sourceTree = "<group>"; };
		F4DD62EF9CF1883FC24395B1 /* Pods-iGive.release.xcconfig */ = {isa = PBXFileReference; includeInIndex = 1; lastKnownFileType = text.xcconfig; name = "Pods-iGive.release.xcconfig"; path = "Pods/Target Support Files/Pods-iGive/Pods-iGive.release.xcconfig"; sourceTree = "<group>"; };
/* End PBXFileReference section */

/* Begin PBXFrameworksBuildPhase section */
		3C24C8F319DBA12600A1E716 /* Frameworks */ = {
			isa = PBXFrameworksBuildPhase;
			buildActionMask = 2147483647;
			files = (
				3CE1A86D19DE1487000DA60B /* FacebookSDK.framework in Frameworks */,
				3C24C93D19DBBCC900A1E716 /* SystemConfiguration.framework in Frameworks */,
				3C24C93B19DBBCBA00A1E716 /* StoreKit.framework in Frameworks */,
				3C24C93919DBBCB200A1E716 /* Social.framework in Frameworks */,
				3C24C93719DBBCA800A1E716 /* Security.framework in Frameworks */,
				3C24C93519DBBC9D00A1E716 /* QuartzCore.framework in Frameworks */,
				3C24C93319DBBC9400A1E716 /* MobileCoreServices.framework in Frameworks */,
				3C24C93119DBBC8A00A1E716 /* libz.dylib in Frameworks */,
				3C24C92F19DBBC7900A1E716 /* CoreLocation.framework in Frameworks */,
				3C24C92D19DBBC6F00A1E716 /* CoreGraphics.framework in Frameworks */,
				3C24C92B19DBBC6800A1E716 /* CFNetwork.framework in Frameworks */,
				3C24C92919DBBC5D00A1E716 /* AudioToolbox.framework in Frameworks */,
				3C24C92719DBBC5700A1E716 /* Accounts.framework in Frameworks */,
				3C24C94019DBC7DA00A1E716 /* ParseFacebookUtils.framework in Frameworks */,
				3C24C92519DBBBF200A1E716 /* Parse.framework in Frameworks */,
				C8DAC1399374B997897DB9FA /* libPods-iGive.a in Frameworks */,
			);
			runOnlyForDeploymentPostprocessing = 0;
		};
		3C24C90C19DBA12600A1E716 /* Frameworks */ = {
			isa = PBXFrameworksBuildPhase;
			buildActionMask = 2147483647;
			files = (
			);
			runOnlyForDeploymentPostprocessing = 0;
		};
/* End PBXFrameworksBuildPhase section */

/* Begin PBXGroup section */
		3C24C8ED19DBA12600A1E716 = {
			isa = PBXGroup;
			children = (
				3C783C4619DC5600007C8951 /* SWRevealViewController.h */,
				3C783C4719DC5600007C8951 /* SWRevealViewController.m */,
				3C24C8F819DBA12600A1E716 /* iGive */,
				3C24C91219DBA12600A1E716 /* iGiveTests */,
				3C24C91319DBA12600A1E716 /* Supporting Files */,
				3C24C8F719DBA12600A1E716 /* Products */,
				3C783C4B19DC5CCD007C8951 /* Resources */,
				3C24C92119DBAF6F00A1E716 /* Frameworks */,
				83B125D7B3CE5A9E3D13CA16 /* Pods */,
			);
			sourceTree = "<group>";
		};
		3C24C8F719DBA12600A1E716 /* Products */ = {
			isa = PBXGroup;
			children = (
				3C24C8F619DBA12600A1E716 /* iGive.app */,
				3C24C90F19DBA12600A1E716 /* iGiveTests.xctest */,
			);
			name = Products;
			sourceTree = "<group>";
		};
		3C24C8F819DBA12600A1E716 /* iGive */ = {
			isa = PBXGroup;
			children = (
				3C24C8FD19DBA12600A1E716 /* AppDelegate.h */,
				3C24C8FE19DBA12600A1E716 /* AppDelegate.m */,
				3CE1A86619DE07EE000DA60B /* GlobalData.h */,
				3CE1A86719DE07EE000DA60B /* GlobalData.m */,
				3CE1A86519DE07C3000DA60B /* ViewControllers */,
				3C24C90319DBA12600A1E716 /* Main.storyboard */,
				3C24C90619DBA12600A1E716 /* Images.xcassets */,
				3C24C8F919DBA12600A1E716 /* Supporting Files */,
				3C2B06E619E0C19F00E33B47 /* Views */,
			);
			path = iGive;
			sourceTree = "<group>";
		};
		3C24C8F919DBA12600A1E716 /* Supporting Files */ = {
			isa = PBXGroup;
			children = (
				3C24C8FA19DBA12600A1E716 /* Info.plist */,
				3C24C8FB19DBA12600A1E716 /* main.m */,
			);
			name = "Supporting Files";
			sourceTree = "<group>";
		};
		3C24C91219DBA12600A1E716 /* iGiveTests */ = {
			isa = PBXGroup;
			children = (
				3C24C91519DBA12600A1E716 /* iGiveTests.m */,
			);
			path = iGiveTests;
			sourceTree = "<group>";
		};
		3C24C91319DBA12600A1E716 /* Supporting Files */ = {
			isa = PBXGroup;
			children = (
				3C24C91419DBA12600A1E716 /* Info.plist */,
			);
			name = "Supporting Files";
			path = iGiveTests;
			sourceTree = "<group>";
		};
		3C24C92119DBAF6F00A1E716 /* Frameworks */ = {
			isa = PBXGroup;
			children = (
				3CE1A86C19DE1487000DA60B /* FacebookSDK.framework */,
				3C24C93F19DBC7DA00A1E716 /* ParseFacebookUtils.framework */,
				3C24C93C19DBBCC900A1E716 /* SystemConfiguration.framework */,
				3C24C93A19DBBCBA00A1E716 /* StoreKit.framework */,
				3C24C93819DBBCB200A1E716 /* Social.framework */,
				3C24C93619DBBCA800A1E716 /* Security.framework */,
				3C24C93419DBBC9D00A1E716 /* QuartzCore.framework */,
				3C24C93219DBBC9400A1E716 /* MobileCoreServices.framework */,
				3C24C93019DBBC8A00A1E716 /* libz.dylib */,
				3C24C92E19DBBC7900A1E716 /* CoreLocation.framework */,
				3C24C92C19DBBC6F00A1E716 /* CoreGraphics.framework */,
				3C24C92A19DBBC6800A1E716 /* CFNetwork.framework */,
				3C24C92819DBBC5D00A1E716 /* AudioToolbox.framework */,
				3C24C92619DBBC5700A1E716 /* Accounts.framework */,
				3C24C92219DBBBF200A1E716 /* Bolts.framework */,
				3C24C92319DBBBF200A1E716 /* Parse.framework */,
				61617AC2C530DBAB069B7B24 /* libPods-iGive.a */,
			);
			name = Frameworks;
			sourceTree = "<group>";
		};
		3C2B06E619E0C19F00E33B47 /* Views */ = {
			isa = PBXGroup;
			children = (
				3C24C90819DBA12600A1E716 /* LaunchScreen.xib */,
				3C2B06E419E0BEC300E33B47 /* PostingTableViewCell.xib */,
				3C2B06E719E0C22100E33B47 /* PostingTableViewCell.h */,
				3C2B06E819E0C22100E33B47 /* PostingTableViewCell.m */,
			);
			name = Views;
			sourceTree = "<group>";
		};
		3C783C4B19DC5CCD007C8951 /* Resources */ = {
			isa = PBXGroup;
			children = (
				3CFD8F3719E8A4560090649C /* Location-Icon@2x.png */,
				3CA7961719E739D3007CD625 /* Menu@2x.png */,
				3C1320E019E5F76F00245E75 /* arrow_event@2x.png */,
				3C2B06EA19E0C82B00E33B47 /* About-Us@2x.png */,
				3C2B06EB19E0C82B00E33B47 /* Contact@2x.png */,
				3C2B06EC19E0C82B00E33B47 /* Help@2x.png */,
				3C2B06ED19E0C82B00E33B47 /* Home@2x.png */,
				3C2B06EE19E0C82B00E33B47 /* Logout@2x.png */,
				3C2B06EF19E0C82C00E33B47 /* Postings@2x.png */,
				3C783C4F19DC6EAF007C8951 /* Sign-in-With-Facebook.png */,
			);
			name = Resources;
			sourceTree = "<group>";
		};
		3CE1A86519DE07C3000DA60B /* ViewControllers */ = {
			isa = PBXGroup;
			children = (
				3C24C90019DBA12600A1E716 /* SideMenuViewController.h */,
				3C24C90119DBA12600A1E716 /* SideMenuViewController.m */,
				3C783C4C19DC5DBC007C8951 /* LoginViewController.h */,
				3C783C4D19DC5DBC007C8951 /* LoginViewController.m */,
				3CE1A86919DE0ECD000DA60B /* ParentViewController.h */,
				3CE1A86A19DE0ECD000DA60B /* ParentViewController.m */,
				3CC0772819DF21AE006D0352 /* HomeViewController.h */,
				3CC0772919DF21AE006D0352 /* HomeViewController.m */,
				3C4B099419DF5223004A0E61 /* PostViewController.h */,
				3C4B099519DF5223004A0E61 /* PostViewController.m */,
				3C1320DD19E5F5B300245E75 /* LocationViewController.h */,
				3C1320DE19E5F5B300245E75 /* LocationViewController.m */,
				3CA7961119E72EF4007CD625 /* PlaceAnnotation.h */,
				3CA7961219E72EF4007CD625 /* PlaceAnnotation.m */,
				3CA7961419E7331F007CD625 /* NavigationController.h */,
				3CA7961519E7331F007CD625 /* NavigationController.m */,
				3CFD8F3119E8982B0090649C /* ViewPostViewController.h */,
				3CFD8F3219E8982B0090649C /* ViewPostViewController.m */,
				3CFD8F3419E8A0A00090649C /* RequestContactViewController.h */,
				3CFD8F3519E8A0A00090649C /* RequestContactViewController.m */,
			);
			name = ViewControllers;
			sourceTree = "<group>";
		};
		83B125D7B3CE5A9E3D13CA16 /* Pods */ = {
			isa = PBXGroup;
			children = (
				AB836077ABA90AA6F34593F9 /* Pods-iGive.debug.xcconfig */,
				F4DD62EF9CF1883FC24395B1 /* Pods-iGive.release.xcconfig */,
			);
			name = Pods;
			sourceTree = "<group>";
		};
/* End PBXGroup section */

/* Begin PBXNativeTarget section */
		3C24C8F519DBA12600A1E716 /* iGive */ = {
			isa = PBXNativeTarget;
			buildConfigurationList = 3C24C91919DBA12600A1E716 /* Build configuration list for PBXNativeTarget "iGive" */;
			buildPhases = (
				E7B68FAB9386A48620830FF2 /* Check Pods Manifest.lock */,
				3C24C8F219DBA12600A1E716 /* Sources */,
				3C24C8F319DBA12600A1E716 /* Frameworks */,
				3C24C8F419DBA12600A1E716 /* Resources */,
				2D9E795B7479DAEE8BA90B8A /* Copy Pods Resources */,
			);
			buildRules = (
			);
			dependencies = (
			);
			name = iGive;
			productName = iGive;
			productReference = 3C24C8F619DBA12600A1E716 /* iGive.app */;
			productType = "com.apple.product-type.application";
		};
		3C24C90E19DBA12600A1E716 /* iGiveTests */ = {
			isa = PBXNativeTarget;
			buildConfigurationList = 3C24C91C19DBA12600A1E716 /* Build configuration list for PBXNativeTarget "iGiveTests" */;
			buildPhases = (
				3C24C90B19DBA12600A1E716 /* Sources */,
				3C24C90C19DBA12600A1E716 /* Frameworks */,
				3C24C90D19DBA12600A1E716 /* Resources */,
			);
			buildRules = (
			);
			dependencies = (
				3C24C91119DBA12600A1E716 /* PBXTargetDependency */,
			);
			name = iGiveTests;
			productName = iGiveTests;
			productReference = 3C24C90F19DBA12600A1E716 /* iGiveTests.xctest */;
			productType = "com.apple.product-type.bundle.unit-test";
		};
/* End PBXNativeTarget section */

/* Begin PBXProject section */
		3C24C8EE19DBA12600A1E716 /* Project object */ = {
			isa = PBXProject;
			attributes = {
				LastUpgradeCheck = 0600;
				ORGANIZATIONNAME = "Mani Kishore Chitrala";
				TargetAttributes = {
					3C24C8F519DBA12600A1E716 = {
						CreatedOnToolsVersion = 6.0.1;
					};
					3C24C90E19DBA12600A1E716 = {
						CreatedOnToolsVersion = 6.0.1;
						TestTargetID = 3C24C8F519DBA12600A1E716;
					};
				};
			};
			buildConfigurationList = 3C24C8F119DBA12600A1E716 /* Build configuration list for PBXProject "iGive" */;
			compatibilityVersion = "Xcode 3.2";
			developmentRegion = English;
			hasScannedForEncodings = 0;
			knownRegions = (
				en,
				Base,
			);
			mainGroup = 3C24C8ED19DBA12600A1E716;
			productRefGroup = 3C24C8F719DBA12600A1E716 /* Products */;
			projectDirPath = "";
			projectRoot = "";
			targets = (
				3C24C8F519DBA12600A1E716 /* iGive */,
				3C24C90E19DBA12600A1E716 /* iGiveTests */,
			);
		};
/* End PBXProject section */

/* Begin PBXResourcesBuildPhase section */
		3C24C8F419DBA12600A1E716 /* Resources */ = {
			isa = PBXResourcesBuildPhase;
			buildActionMask = 2147483647;
			files = (
				3C1320E119E5F76F00245E75 /* arrow_event@2x.png in Resources */,
				3C2B06E519E0BEC300E33B47 /* PostingTableViewCell.xib in Resources */,
				3C2B06F319E0C82C00E33B47 /* Home@2x.png in Resources */,
				3C783C5019DC6EAF007C8951 /* Sign-in-With-Facebook.png in Resources */,
				3C2B06F519E0C82C00E33B47 /* Postings@2x.png in Resources */,
				3CA7961819E739D3007CD625 /* Menu@2x.png in Resources */,
				3C2B06F419E0C82C00E33B47 /* Logout@2x.png in Resources */,
				3C24C90519DBA12600A1E716 /* Main.storyboard in Resources */,
				3C24C90A19DBA12600A1E716 /* LaunchScreen.xib in Resources */,
				3C24C90719DBA12600A1E716 /* Images.xcassets in Resources */,
				3C2B06F019E0C82C00E33B47 /* About-Us@2x.png in Resources */,
				3C2B06F119E0C82C00E33B47 /* Contact@2x.png in Resources */,
				3CFD8F3819E8A4560090649C /* Location-Icon@2x.png in Resources */,
				3C2B06F219E0C82C00E33B47 /* Help@2x.png in Resources */,
			);
			runOnlyForDeploymentPostprocessing = 0;
		};
		3C24C90D19DBA12600A1E716 /* Resources */ = {
			isa = PBXResourcesBuildPhase;
			buildActionMask = 2147483647;
			files = (
			);
			runOnlyForDeploymentPostprocessing = 0;
		};
/* End PBXResourcesBuildPhase section */

/* Begin PBXShellScriptBuildPhase section */
		2D9E795B7479DAEE8BA90B8A /* Copy Pods Resources */ = {
			isa = PBXShellScriptBuildPhase;
			buildActionMask = 2147483647;
			files = (
			);
			inputPaths = (
			);
			name = "Copy Pods Resources";
			outputPaths = (
			);
			runOnlyForDeploymentPostprocessing = 0;
			shellPath = /bin/sh;
			shellScript = "\"${SRCROOT}/Pods/Target Support Files/Pods-iGive/Pods-iGive-resources.sh\"\n";
			showEnvVarsInLog = 0;
		};
		E7B68FAB9386A48620830FF2 /* Check Pods Manifest.lock */ = {
			isa = PBXShellScriptBuildPhase;
			buildActionMask = 2147483647;
			files = (
			);
			inputPaths = (
			);
			name = "Check Pods Manifest.lock";
			outputPaths = (
			);
			runOnlyForDeploymentPostprocessing = 0;
			shellPath = /bin/sh;
			shellScript = "diff \"${PODS_ROOT}/../Podfile.lock\" \"${PODS_ROOT}/Manifest.lock\" > /dev/null\nif [[ $? != 0 ]] ; then\n    cat << EOM\nerror: The sandbox is not in sync with the Podfile.lock. Run 'pod install' or update your CocoaPods installation.\nEOM\n    exit 1\nfi\n";
			showEnvVarsInLog = 0;
		};
/* End PBXShellScriptBuildPhase section */

/* Begin PBXSourcesBuildPhase section */
		3C24C8F219DBA12600A1E716 /* Sources */ = {
			isa = PBXSourcesBuildPhase;
			buildActionMask = 2147483647;
			files = (
				3CE1A86819DE07EE000DA60B /* GlobalData.m in Sources */,
				3C24C90219DBA12600A1E716 /* SideMenuViewController.m in Sources */,
				3CE1A86B19DE0ECD000DA60B /* ParentViewController.m in Sources */,
				3C1320DF19E5F5B300245E75 /* LocationViewController.m in Sources */,
				3C24C8FF19DBA12600A1E716 /* AppDelegate.m in Sources */,
				3C24C8FC19DBA12600A1E716 /* main.m in Sources */,
				3C4B099619DF5223004A0E61 /* PostViewController.m in Sources */,
				3CFD8F3319E8982B0090649C /* ViewPostViewController.m in Sources */,
				3CA7961619E7331F007CD625 /* NavigationController.m in Sources */,
				3C783C4819DC5600007C8951 /* SWRevealViewController.m in Sources */,
				3CFD8F3619E8A0A00090649C /* RequestContactViewController.m in Sources */,
				3CA7961319E72EF4007CD625 /* PlaceAnnotation.m in Sources */,
				3C783C4E19DC5DBC007C8951 /* LoginViewController.m in Sources */,
				3C2B06E919E0C22100E33B47 /* PostingTableViewCell.m in Sources */,
				3CC0772A19DF21AE006D0352 /* HomeViewController.m in Sources */,
			);
			runOnlyForDeploymentPostprocessing = 0;
		};
		3C24C90B19DBA12600A1E716 /* Sources */ = {
			isa = PBXSourcesBuildPhase;
			buildActionMask = 2147483647;
			files = (
				3C24C91619DBA12600A1E716 /* iGiveTests.m in Sources */,
			);
			runOnlyForDeploymentPostprocessing = 0;
		};
/* End PBXSourcesBuildPhase section */

/* Begin PBXTargetDependency section */
		3C24C91119DBA12600A1E716 /* PBXTargetDependency */ = {
			isa = PBXTargetDependency;
			target = 3C24C8F519DBA12600A1E716 /* iGive */;
			targetProxy = 3C24C91019DBA12600A1E716 /* PBXContainerItemProxy */;
		};
/* End PBXTargetDependency section */

/* Begin PBXVariantGroup section */
		3C24C90319DBA12600A1E716 /* Main.storyboard */ = {
			isa = PBXVariantGroup;
			children = (
				3C24C90419DBA12600A1E716 /* Base */,
			);
			name = Main.storyboard;
			sourceTree = "<group>";
		};
		3C24C90819DBA12600A1E716 /* LaunchScreen.xib */ = {
			isa = PBXVariantGroup;
			children = (
				3C24C90919DBA12600A1E716 /* Base */,
			);
			name = LaunchScreen.xib;
			sourceTree = "<group>";
		};
/* End PBXVariantGroup section */

/* Begin XCBuildConfiguration section */
		3C24C91719DBA12600A1E716 /* Debug */ = {
			isa = XCBuildConfiguration;
			buildSettings = {
				ALWAYS_SEARCH_USER_PATHS = NO;
				CLANG_CXX_LANGUAGE_STANDARD = "gnu++0x";
				CLANG_CXX_LIBRARY = "libc++";
				CLANG_ENABLE_MODULES = YES;
				CLANG_ENABLE_OBJC_ARC = YES;
				CLANG_WARN_BOOL_CONVERSION = YES;
				CLANG_WARN_CONSTANT_CONVERSION = YES;
				CLANG_WARN_DIRECT_OBJC_ISA_USAGE = YES_ERROR;
				CLANG_WARN_EMPTY_BODY = YES;
				CLANG_WARN_ENUM_CONVERSION = YES;
				CLANG_WARN_INT_CONVERSION = YES;
				CLANG_WARN_OBJC_ROOT_CLASS = YES_ERROR;
				CLANG_WARN_UNREACHABLE_CODE = YES;
				CLANG_WARN__DUPLICATE_METHOD_MATCH = YES;
				"CODE_SIGN_IDENTITY[sdk=iphoneos*]" = "iPhone Developer";
				COPY_PHASE_STRIP = NO;
				ENABLE_STRICT_OBJC_MSGSEND = YES;
				GCC_C_LANGUAGE_STANDARD = gnu99;
				GCC_DYNAMIC_NO_PIC = NO;
				GCC_OPTIMIZATION_LEVEL = 0;
				GCC_PREPROCESSOR_DEFINITIONS = (
					"DEBUG=1",
					"$(inherited)",
				);
				GCC_SYMBOLS_PRIVATE_EXTERN = NO;
				GCC_WARN_64_TO_32_BIT_CONVERSION = YES;
				GCC_WARN_ABOUT_RETURN_TYPE = YES_ERROR;
				GCC_WARN_UNDECLARED_SELECTOR = YES;
				GCC_WARN_UNINITIALIZED_AUTOS = YES_AGGRESSIVE;
				GCC_WARN_UNUSED_FUNCTION = YES;
				GCC_WARN_UNUSED_VARIABLE = YES;
				IPHONEOS_DEPLOYMENT_TARGET = 8.0;
				MTL_ENABLE_DEBUG_INFO = YES;
				ONLY_ACTIVE_ARCH = YES;
				SDKROOT = iphoneos;
			};
			name = Debug;
		};
		3C24C91819DBA12600A1E716 /* Release */ = {
			isa = XCBuildConfiguration;
			buildSettings = {
				ALWAYS_SEARCH_USER_PATHS = NO;
				CLANG_CXX_LANGUAGE_STANDARD = "gnu++0x";
				CLANG_CXX_LIBRARY = "libc++";
				CLANG_ENABLE_MODULES = YES;
				CLANG_ENABLE_OBJC_ARC = YES;
				CLANG_WARN_BOOL_CONVERSION = YES;
				CLANG_WARN_CONSTANT_CONVERSION = YES;
				CLANG_WARN_DIRECT_OBJC_ISA_USAGE = YES_ERROR;
				CLANG_WARN_EMPTY_BODY = YES;
				CLANG_WARN_ENUM_CONVERSION = YES;
				CLANG_WARN_INT_CONVERSION = YES;
				CLANG_WARN_OBJC_ROOT_CLASS = YES_ERROR;
				CLANG_WARN_UNREACHABLE_CODE = YES;
				CLANG_WARN__DUPLICATE_METHOD_MATCH = YES;
				"CODE_SIGN_IDENTITY[sdk=iphoneos*]" = "iPhone Developer";
				COPY_PHASE_STRIP = YES;
				ENABLE_NS_ASSERTIONS = NO;
				ENABLE_STRICT_OBJC_MSGSEND = YES;
				GCC_C_LANGUAGE_STANDARD = gnu99;
				GCC_WARN_64_TO_32_BIT_CONVERSION = YES;
				GCC_WARN_ABOUT_RETURN_TYPE = YES_ERROR;
				GCC_WARN_UNDECLARED_SELECTOR = YES;
				GCC_WARN_UNINITIALIZED_AUTOS = YES_AGGRESSIVE;
				GCC_WARN_UNUSED_FUNCTION = YES;
				GCC_WARN_UNUSED_VARIABLE = YES;
				IPHONEOS_DEPLOYMENT_TARGET = 8.0;
				MTL_ENABLE_DEBUG_INFO = NO;
				SDKROOT = iphoneos;
				VALIDATE_PRODUCT = YES;
			};
			name = Release;
		};
		3C24C91A19DBA12600A1E716 /* Debug */ = {
			isa = XCBuildConfiguration;
			baseConfigurationReference = AB836077ABA90AA6F34593F9 /* Pods-iGive.debug.xcconfig */;
			buildSettings = {
				ASSETCATALOG_COMPILER_APPICON_NAME = AppIcon;
				FRAMEWORK_SEARCH_PATHS = (
					"$(inherited)",
					/Users/Mani/Documents/FacebookSDK,
					"/Users/Mani/Downloads/parse-library-1.4.1",
				);
				INFOPLIST_FILE = iGive/Info.plist;
				IPHONEOS_DEPLOYMENT_TARGET = 7.0;
				LD_RUNPATH_SEARCH_PATHS = "$(inherited) @executable_path/Frameworks";
				PRODUCT_NAME = "$(TARGET_NAME)";
			};
			name = Debug;
		};
		3C24C91B19DBA12600A1E716 /* Release */ = {
			isa = XCBuildConfiguration;
			baseConfigurationReference = F4DD62EF9CF1883FC24395B1 /* Pods-iGive.release.xcconfig */;
			buildSettings = {
				ASSETCATALOG_COMPILER_APPICON_NAME = AppIcon;
				FRAMEWORK_SEARCH_PATHS = (
					"$(inherited)",
					/Users/Mani/Documents/FacebookSDK,
					"/Users/Mani/Downloads/parse-library-1.4.1",
				);
				INFOPLIST_FILE = iGive/Info.plist;
				IPHONEOS_DEPLOYMENT_TARGET = 7.0;
				LD_RUNPATH_SEARCH_PATHS = "$(inherited) @executable_path/Frameworks";
				PRODUCT_NAME = "$(TARGET_NAME)";
			};
			name = Release;
		};
		3C24C91D19DBA12600A1E716 /* Debug */ = {
			isa = XCBuildConfiguration;
			buildSettings = {
				BUNDLE_LOADER = "$(TEST_HOST)";
				FRAMEWORK_SEARCH_PATHS = (
					"$(SDKROOT)/Developer/Library/Frameworks",
					"$(inherited)",
				);
				GCC_PREPROCESSOR_DEFINITIONS = (
					"DEBUG=1",
					"$(inherited)",
				);
				INFOPLIST_FILE = iGiveTests/Info.plist;
				LD_RUNPATH_SEARCH_PATHS = "$(inherited) @executable_path/Frameworks @loader_path/Frameworks";
				PRODUCT_NAME = "$(TARGET_NAME)";
				TEST_HOST = "$(BUILT_PRODUCTS_DIR)/iGive.app/iGive";
			};
			name = Debug;
		};
		3C24C91E19DBA12600A1E716 /* Release */ = {
			isa = XCBuildConfiguration;
			buildSettings = {
				BUNDLE_LOADER = "$(TEST_HOST)";
				FRAMEWORK_SEARCH_PATHS = (
					"$(SDKROOT)/Developer/Library/Frameworks",
					"$(inherited)",
				);
				INFOPLIST_FILE = iGiveTests/Info.plist;
				LD_RUNPATH_SEARCH_PATHS = "$(inherited) @executable_path/Frameworks @loader_path/Frameworks";
				PRODUCT_NAME = "$(TARGET_NAME)";
				TEST_HOST = "$(BUILT_PRODUCTS_DIR)/iGive.app/iGive";
			};
			name = Release;
		};
/* End XCBuildConfiguration section */

/* Begin XCConfigurationList section */
		3C24C8F119DBA12600A1E716 /* Build configuration list for PBXProject "iGive" */ = {
			isa = XCConfigurationList;
			buildConfigurations = (
				3C24C91719DBA12600A1E716 /* Debug */,
				3C24C91819DBA12600A1E716 /* Release */,
			);
			defaultConfigurationIsVisible = 0;
			defaultConfigurationName = Release;
		};
		3C24C91919DBA12600A1E716 /* Build configuration list for PBXNativeTarget "iGive" */ = {
			isa = XCConfigurationList;
			buildConfigurations = (
				3C24C91A19DBA12600A1E716 /* Debug */,
				3C24C91B19DBA12600A1E716 /* Release */,
			);
			defaultConfigurationIsVisible = 0;
			defaultConfigurationName = Release;
		};
		3C24C91C19DBA12600A1E716 /* Build configuration list for PBXNativeTarget "iGiveTests" */ = {
			isa = XCConfigurationList;
			buildConfigurations = (
				3C24C91D19DBA12600A1E716 /* Debug */,
				3C24C91E19DBA12600A1E716 /* Release */,
			);
			defaultConfigurationIsVisible = 0;
			defaultConfigurationName = Release;
		};
/* End XCConfigurationList section */
	};
	rootObject = 3C24C8EE19DBA12600A1E716 /* Project object */;
}
